
Microsoft Visual Studio Solution File, Format Version 12.00
# Visual Studio 15
VisualStudioVersion = 15.0.27703.2026
MinimumVisualStudioVersion = 10.0.40219.1
Project("{FAE04EC0-301F-11D3-BF4B-00C04F79EFBC}") = "Lab81", "Lab81\Lab81.csproj", "{DDB2B998-7105-4A2B-AAF9-CA0563FEFDBD}"
EndProject
Project("{FAE04EC0-301F-11D3-BF4B-00C04F79EFBC}") = "Lab82", "Lab82\Lab82.csproj", "{301B3F99-2893-4922-831F-660808FDA4D9}"
EndProject
Project("{FAE04EC0-301F-11D3-BF4B-00C04F79EFBC}") = "Lab83", "Lab83\Lab83.csproj", "{A411AC5A-C50C-426F-8422-3E5F5C048ADC}"
EndProject
Project("{8BC9CEB8-8B4A-11D0-8D11-00A0C91BC942}") = "Lab3_dll", "Lab3_dll\Lab3_dll.vcxproj", "{FBCB6451-78FF-4DAD-81D2-E9F2A137949F}"
EndProject
Global
	GlobalSection(SolutionConfigurationPlatforms) = preSolution
		Debug|Any CPU = Debug|Any CPU
		Debug|x64 = Debug|x64
		Debug|x86 = Debug|x86
		Release|Any CPU = Release|Any CPU
		Release|x64 = Release|x64
		Release|x86 = Release|x86
	EndGlobalSection
	GlobalSection(ProjectConfigurationPlatforms) = postSolution
		{DDB2B998-7105-4A2B-AAF9-CA0563FEFDBD}.Debug|Any CPU.ActiveCfg = Debug|Any CPU
		{DDB2B998-7105-4A2B-AAF9-CA0563FEFDBD}.Debug|Any CPU.Build.0 = Debug|Any CPU
		{DDB2B998-7105-4A2B-AAF9-CA0563FEFDBD}.Debug|x64.ActiveCfg = Debug|Any CPU
		{DDB2B998-7105-4A2B-AAF9-CA0563FEFDBD}.Debug|x64.Build.0 = Debug|Any CPU
		{DDB2B998-7105-4A2B-AAF9-CA0563FEFDBD}.Debug|x86.ActiveCfg = Debug|Any CPU
		{DDB2B998-7105-4A2B-AAF9-CA0563FEFDBD}.Debug|x86.Build.0 = Debug|Any CPU
		{DDB2B998-7105-4A2B-AAF9-CA0563FEFDBD}.Release|Any CPU.ActiveCfg = Release|Any CPU
		{DDB2B998-7105-4A2B-AAF9-CA0563FEFDBD}.Release|Any CPU.Build.0 = Release|Any CPU
		{DDB2B998-7105-4A2B-AAF9-CA0563FEFDBD}.Release|x64.ActiveCfg = Release|Any CPU
		{DDB2B998-7105-4A2B-AAF9-CA0563FEFDBD}.Release|x64.Build.0 = Release|Any CPU
		{DDB2B998-7105-4A2B-AAF9-CA0563FEFDBD}.Release|x86.ActiveCfg = Release|Any CPU
		{DDB2B998-7105-4A2B-AAF9-CA0563FEFDBD}.Release|x86.Build.0 = Release|Any CPU
		{301B3F99-2893-4922-831F-660808FDA4D9}.Debug|Any CPU.ActiveCfg = Debug|Any CPU
		{301B3F99-2893-4922-831F-660808FDA4D9}.Debug|Any CPU.Build.0 = Debug|Any CPU
		{301B3F99-2893-4922-831F-660808FDA4D9}.Debug|x64.ActiveCfg = Debug|Any CPU
		{301B3F99-2893-4922-831F-660808FDA4D9}.Debug|x64.Build.0 = Debug|Any CPU
		{301B3F99-2893-4922-831F-660808FDA4D9}.Debug|x86.ActiveCfg = Debug|Any CPU
		{301B3F99-2893-4922-831F-660808FDA4D9}.Debug|x86.Build.0 = Debug|Any CPU
		{301B3F99-2893-4922-831F-660808FDA4D9}.Release|Any CPU.ActiveCfg = Release|Any CPU
		{301B3F99-2893-4922-831F-660808FDA4D9}.Release|Any CPU.Build.0 = Release|Any CPU
		{301B3F99-2893-4922-831F-660808FDA4D9}.Release|x64.ActiveCfg = Release|Any CPU
		{301B3F99-2893-4922-831F-660808FDA4D9}.Release|x64.Build.0 = Release|Any CPU
		{301B3F99-2893-4922-831F-660808FDA4D9}.Release|x86.ActiveCfg = Release|Any CPU
		{301B3F99-2893-4922-831F-660808FDA4D9}.Release|x86.Build.0 = Release|Any CPU
		{A411AC5A-C50C-426F-8422-3E5F5C048ADC}.Debug|Any CPU.ActiveCfg = Debug|Any CPU
		{A411AC5A-C50C-426F-8422-3E5F5C048ADC}.Debug|Any CPU.Build.0 = Debug|Any CPU
		{A411AC5A-C50C-426F-8422-3E5F5C048ADC}.Debug|x64.ActiveCfg = Debug|Any CPU
		{A411AC5A-C50C-426F-8422-3E5F5C048ADC}.Debug|x64.Build.0 = Debug|Any CPU
		{A411AC5A-C50C-426F-8422-3E5F5C048ADC}.Debug|x86.ActiveCfg = Debug|Any CPU
		{A411AC5A-C50C-426F-8422-3E5F5C048ADC}.Debug|x86.Build.0 = Debug|Any CPU
		{A411AC5A-C50C-426F-8422-3E5F5C048ADC}.Release|Any CPU.ActiveCfg = Release|Any CPU
		{A411AC5A-C50C-426F-8422-3E5F5C048ADC}.Release|Any CPU.Build.0 = Release|Any CPU
		{A411AC5A-C50C-426F-8422-3E5F5C048ADC}.Release|x64.ActiveCfg = Release|Any CPU
		{A411AC5A-C50C-426F-8422-3E5F5C048ADC}.Release|x64.Build.0 = Release|Any CPU
		{A411AC5A-C50C-426F-8422-3E5F5C048ADC}.Release|x86.ActiveCfg = Release|Any CPU
		{A411AC5A-C50C-426F-8422-3E5F5C048ADC}.Release|x86.Build.0 = Release|Any CPU
		{FBCB6451-78FF-4DAD-81D2-E9F2A137949F}.Debug|Any CPU.ActiveCfg = Debug|Win32
		{FBCB6451-78FF-4DAD-81D2-E9F2A137949F}.Debug|x64.ActiveCfg = Debug|x64
		{FBCB6451-78FF-4DAD-81D2-E9F2A137949F}.Debug|x64.Build.0 = Debug|x64
		{FBCB6451-78FF-4DAD-81D2-E9F2A137949F}.Debug|x86.ActiveCfg = Debug|Win32
		{FBCB6451-78FF-4DAD-81D2-E9F2A137949F}.Debug|x86.Build.0 = Debug|Win32
		{FBCB6451-78FF-4DAD-81D2-E9F2A137949F}.Release|Any CPU.ActiveCfg = Release|Win32
		{FBCB6451-78FF-4DAD-81D2-E9F2A137949F}.Release|x64.ActiveCfg = Release|x64
		{FBCB6451-78FF-4DAD-81D2-E9F2A137949F}.Release|x64.Build.0 = Release|x64
		{FBCB6451-78FF-4DAD-81D2-E9F2A137949F}.Release|x86.ActiveCfg = Release|Win32
		{FBCB6451-78FF-4DAD-81D2-E9F2A137949F}.Release|x86.Build.0 = Release|Win32
	EndGlobalSection
	GlobalSection(SolutionProperties) = preSolution
		HideSolutionNode = FALSE
	EndGlobalSection
	GlobalSection(ExtensibilityGlobals) = postSolution
		SolutionGuid = {2EA4F5C5-C8E2-4B54-9FED-77322641EF6E}
	EndGlobalSection
EndGlobal
