
Microsoft Visual Studio Solution File, Format Version 12.00
# Visual Studio 15
VisualStudioVersion = 15.0.27703.2026
MinimumVisualStudioVersion = 10.0.40219.1
Project("{FAE04EC0-301F-11D3-BF4B-00C04F79EFBC}") = "KPU Service", "KPU Service\KPU Service.csproj", "{515ACA9C-AB4B-4019-A772-DC4EA21F5505}"
EndProject
Project("{FAE04EC0-301F-11D3-BF4B-00C04F79EFBC}") = "KPU Service Control", "KPU Service Control\KPU Service Control.csproj", "{9C48B1E8-4813-4759-988D-FC5A2A87EC37}"
EndProject
Global
	GlobalSection(SolutionConfigurationPlatforms) = preSolution
		Debug|Any CPU = Debug|Any CPU
		Release|Any CPU = Release|Any CPU
	EndGlobalSection
	GlobalSection(ProjectConfigurationPlatforms) = postSolution
		{515ACA9C-AB4B-4019-A772-DC4EA21F5505}.Debug|Any CPU.ActiveCfg = Debug|Any CPU
		{515ACA9C-AB4B-4019-A772-DC4EA21F5505}.Debug|Any CPU.Build.0 = Debug|Any CPU
		{515ACA9C-AB4B-4019-A772-DC4EA21F5505}.Release|Any CPU.ActiveCfg = Release|Any CPU
		{515ACA9C-AB4B-4019-A772-DC4EA21F5505}.Release|Any CPU.Build.0 = Release|Any CPU
		{9C48B1E8-4813-4759-988D-FC5A2A87EC37}.Debug|Any CPU.ActiveCfg = Debug|Any CPU
		{9C48B1E8-4813-4759-988D-FC5A2A87EC37}.Debug|Any CPU.Build.0 = Debug|Any CPU
		{9C48B1E8-4813-4759-988D-FC5A2A87EC37}.Release|Any CPU.ActiveCfg = Release|Any CPU
		{9C48B1E8-4813-4759-988D-FC5A2A87EC37}.Release|Any CPU.Build.0 = Release|Any CPU
	EndGlobalSection
	GlobalSection(SolutionProperties) = preSolution
		HideSolutionNode = FALSE
	EndGlobalSection
	GlobalSection(ExtensibilityGlobals) = postSolution
		SolutionGuid = {02924453-3BFA-4252-83A5-6FD6219F058E}
	EndGlobalSection
EndGlobal
